// !$*UTF8*$!
{
	archiveVersion = 1;
	classes = {
	};
	objectVersion = 50;
	objects = {

/* Begin PBXBuildFile section */
		BA99010B26A6E12800D040BA /* AppDelegate.swift in Sources */ = {isa = PBXBuildFile; fileRef = BA99010A26A6E12800D040BA /* AppDelegate.swift */; };
		BA99010D26A6E12800D040BA /* SceneDelegate.swift in Sources */ = {isa = PBXBuildFile; fileRef = BA99010C26A6E12800D040BA /* SceneDelegate.swift */; };
		BA99010F26A6E12800D040BA /* HomeViewController.swift in Sources */ = {isa = PBXBuildFile; fileRef = BA99010E26A6E12800D040BA /* HomeViewController.swift */; };
		BA99011226A6E12800D040BA /* Main.storyboard in Resources */ = {isa = PBXBuildFile; fileRef = BA99011026A6E12800D040BA /* Main.storyboard */; };
		BA99011426A6E12A00D040BA /* Assets.xcassets in Resources */ = {isa = PBXBuildFile; fileRef = BA99011326A6E12A00D040BA /* Assets.xcassets */; };
		BA99011726A6E12A00D040BA /* LaunchScreen.storyboard in Resources */ = {isa = PBXBuildFile; fileRef = BA99011526A6E12A00D040BA /* LaunchScreen.storyboard */; };
		BA99013526A6F1BE00D040BA /* DiscoverViewController.swift in Sources */ = {isa = PBXBuildFile; fileRef = BA99013426A6F1BE00D040BA /* DiscoverViewController.swift */; };
		BA99013826A6F1D000D040BA /* FavoriteViewController.swift in Sources */ = {isa = PBXBuildFile; fileRef = BA99013726A6F1D000D040BA /* FavoriteViewController.swift */; };
		BA99013B26A6F1DC00D040BA /* DetailViewController.swift in Sources */ = {isa = PBXBuildFile; fileRef = BA99013A26A6F1DC00D040BA /* DetailViewController.swift */; };
		BAB2491426A70A2A00744010 /* FilmsTableViewCell.swift in Sources */ = {isa = PBXBuildFile; fileRef = BAB2491226A70A2A00744010 /* FilmsTableViewCell.swift */; };
		BAB2491526A70A2A00744010 /* FilmsTableViewCell.xib in Resources */ = {isa = PBXBuildFile; fileRef = BAB2491326A70A2A00744010 /* FilmsTableViewCell.xib */; };
		BAB2491E26A8033F00744010 /* DetailView.xib in Resources */ = {isa = PBXBuildFile; fileRef = BAB2491D26A8033F00744010 /* DetailView.xib */; };
		BAB2492426A8064A00744010 /* DetailView.swift in Sources */ = {isa = PBXBuildFile; fileRef = BAB2492326A8064A00744010 /* DetailView.swift */; };
/* End PBXBuildFile section */

/* Begin PBXFileReference section */
		BA99010726A6E12800D040BA /* MoviesDB.app */ = {isa = PBXFileReference; explicitFileType = wrapper.application; includeInIndex = 0; path = MoviesDB.app; sourceTree = BUILT_PRODUCTS_DIR; };
		BA99010A26A6E12800D040BA /* AppDelegate.swift */ = {isa = PBXFileReference; lastKnownFileType = sourcecode.swift; path = AppDelegate.swift; sourceTree = "<group>"; };
		BA99010C26A6E12800D040BA /* SceneDelegate.swift */ = {isa = PBXFileReference; lastKnownFileType = sourcecode.swift; path = SceneDelegate.swift; sourceTree = "<group>"; };
		BA99010E26A6E12800D040BA /* HomeViewController.swift */ = {isa = PBXFileReference; lastKnownFileType = sourcecode.swift; path = HomeViewController.swift; sourceTree = "<group>"; };
		BA99011126A6E12800D040BA /* Base */ = {isa = PBXFileReference; lastKnownFileType = file.storyboard; name = Base; path = Base.lproj/Main.storyboard; sourceTree = "<group>"; };
		BA99011326A6E12A00D040BA /* Assets.xcassets */ = {isa = PBXFileReference; lastKnownFileType = folder.assetcatalog; path = Assets.xcassets; sourceTree = "<group>"; };
		BA99011626A6E12A00D040BA /* Base */ = {isa = PBXFileReference; lastKnownFileType = file.storyboard; name = Base; path = Base.lproj/LaunchScreen.storyboard; sourceTree = "<group>"; };
		BA99011826A6E12A00D040BA /* Info.plist */ = {isa = PBXFileReference; lastKnownFileType = text.plist.xml; path = Info.plist; sourceTree = "<group>"; };
		BA99013426A6F1BE00D040BA /* DiscoverViewController.swift */ = {isa = PBXFileReference; lastKnownFileType = sourcecode.swift; path = DiscoverViewController.swift; sourceTree = "<group>"; };
		BA99013726A6F1D000D040BA /* FavoriteViewController.swift */ = {isa = PBXFileReference; lastKnownFileType = sourcecode.swift; name = FavoriteViewController.swift; path = Assets.xcassets/FavoriteViewController.swift; sourceTree = "<group>"; };
		BA99013A26A6F1DC00D040BA /* DetailViewController.swift */ = {isa = PBXFileReference; lastKnownFileType = sourcecode.swift; path = DetailViewController.swift; sourceTree = "<group>"; };
		BAB2491226A70A2A00744010 /* FilmsTableViewCell.swift */ = {isa = PBXFileReference; lastKnownFileType = sourcecode.swift; path = FilmsTableViewCell.swift; sourceTree = "<group>"; };
		BAB2491326A70A2A00744010 /* FilmsTableViewCell.xib */ = {isa = PBXFileReference; lastKnownFileType = file.xib; path = FilmsTableViewCell.xib; sourceTree = "<group>"; };
		BAB2491D26A8033F00744010 /* DetailView.xib */ = {isa = PBXFileReference; lastKnownFileType = file.xib; path = DetailView.xib; sourceTree = "<group>"; };
		BAB2492326A8064A00744010 /* DetailView.swift */ = {isa = PBXFileReference; lastKnownFileType = sourcecode.swift; path = DetailView.swift; sourceTree = "<group>"; };
/* End PBXFileReference section */

/* Begin PBXFrameworksBuildPhase section */
		BA99010426A6E12800D040BA /* Frameworks */ = {
			isa = PBXFrameworksBuildPhase;
			buildActionMask = 2147483647;
			files = (
			);
			runOnlyForDeploymentPostprocessing = 0;
		};
/* End PBXFrameworksBuildPhase section */

/* Begin PBXGroup section */
		BA9900FE26A6E12800D040BA = {
			isa = PBXGroup;
			children = (
				BA99010926A6E12800D040BA /* MoviesDB */,
				BA99010826A6E12800D040BA /* Products */,
			);
			sourceTree = "<group>";
		};
		BA99010826A6E12800D040BA /* Products */ = {
			isa = PBXGroup;
			children = (
				BA99010726A6E12800D040BA /* MoviesDB.app */,
			);
			name = Products;
			sourceTree = "<group>";
		};
		BA99010926A6E12800D040BA /* MoviesDB */ = {
			isa = PBXGroup;
			children = (
				BA99010A26A6E12800D040BA /* AppDelegate.swift */,
				BA99010C26A6E12800D040BA /* SceneDelegate.swift */,
				BA99010E26A6E12800D040BA /* HomeViewController.swift */,
				BA99013426A6F1BE00D040BA /* DiscoverViewController.swift */,
				BA99013726A6F1D000D040BA /* FavoriteViewController.swift */,
				BA99013A26A6F1DC00D040BA /* DetailViewController.swift */,
				BA99011026A6E12800D040BA /* Main.storyboard */,
				BAB2492026A8034500744010 /* DetailView */,
				BAB2491726A70A3200744010 /* FilmsTableViewCell */,
				BA99011326A6E12A00D040BA /* Assets.xcassets */,
				BA99011526A6E12A00D040BA /* LaunchScreen.storyboard */,
				BA99011826A6E12A00D040BA /* Info.plist */,
			);
			path = MoviesDB;
			sourceTree = "<group>";
		};
		BAB2491726A70A3200744010 /* FilmsTableViewCell */ = {
			isa = PBXGroup;
			children = (
				BAB2491226A70A2A00744010 /* FilmsTableViewCell.swift */,
				BAB2491326A70A2A00744010 /* FilmsTableViewCell.xib */,
			);
			path = FilmsTableViewCell;
			sourceTree = "<group>";
		};
		BAB2492026A8034500744010 /* DetailView */ = {
			isa = PBXGroup;
			children = (
				BAB2492326A8064A00744010 /* DetailView.swift */,
				BAB2491D26A8033F00744010 /* DetailView.xib */,
			);
			path = DetailView;
			sourceTree = "<group>";
		};
/* End PBXGroup section */

/* Begin PBXNativeTarget section */
		BA99010626A6E12800D040BA /* MoviesDB */ = {
			isa = PBXNativeTarget;
			buildConfigurationList = BA99011B26A6E12A00D040BA /* Build configuration list for PBXNativeTarget "MoviesDB" */;
			buildPhases = (
				BA99010326A6E12800D040BA /* Sources */,
				BA99010426A6E12800D040BA /* Frameworks */,
				BA99010526A6E12800D040BA /* Resources */,
			);
			buildRules = (
			);
			dependencies = (
			);
			name = MoviesDB;
			productName = MoviesDB;
			productReference = BA99010726A6E12800D040BA /* MoviesDB.app */;
			productType = "com.apple.product-type.application";
		};
/* End PBXNativeTarget section */

/* Begin PBXProject section */
		BA9900FF26A6E12800D040BA /* Project object */ = {
			isa = PBXProject;
			attributes = {
				LastSwiftUpdateCheck = 1240;
				LastUpgradeCheck = 1240;
				TargetAttributes = {
					BA99010626A6E12800D040BA = {
						CreatedOnToolsVersion = 12.4;
					};
				};
			};
			buildConfigurationList = BA99010226A6E12800D040BA /* Build configuration list for PBXProject "MoviesDB" */;
			compatibilityVersion = "Xcode 9.3";
			developmentRegion = en;
			hasScannedForEncodings = 0;
			knownRegions = (
				en,
				Base,
			);
			mainGroup = BA9900FE26A6E12800D040BA;
			productRefGroup = BA99010826A6E12800D040BA /* Products */;
			projectDirPath = "";
			projectRoot = "";
			targets = (
				BA99010626A6E12800D040BA /* MoviesDB */,
			);
		};
/* End PBXProject section */

/* Begin PBXResourcesBuildPhase section */
		BA99010526A6E12800D040BA /* Resources */ = {
			isa = PBXResourcesBuildPhase;
			buildActionMask = 2147483647;
			files = (
				BA99011726A6E12A00D040BA /* LaunchScreen.storyboard in Resources */,
				BAB2491526A70A2A00744010 /* FilmsTableViewCell.xib in Resources */,
				BA99011426A6E12A00D040BA /* Assets.xcassets in Resources */,
				BA99011226A6E12800D040BA /* Main.storyboard in Resources */,
				BAB2491E26A8033F00744010 /* DetailView.xib in Resources */,
			);
			runOnlyForDeploymentPostprocessing = 0;
		};
/* End PBXResourcesBuildPhase section */

/* Begin PBXSourcesBuildPhase section */
		BA99010326A6E12800D040BA /* Sources */ = {
			isa = PBXSourcesBuildPhase;
			buildActionMask = 2147483647;
			files = (
				BA99010F26A6E12800D040BA /* HomeViewController.swift in Sources */,
				BAB2492426A8064A00744010 /* DetailView.swift in Sources */,
				BA99010B26A6E12800D040BA /* AppDelegate.swift in Sources */,
				BA99010D26A6E12800D040BA /* SceneDelegate.swift in Sources */,
				BA99013B26A6F1DC00D040BA /* DetailViewController.swift in Sources */,
				BA99013526A6F1BE00D040BA /* DiscoverViewController.swift in Sources */,
				BA99013826A6F1D000D040BA /* FavoriteViewController.swift in Sources */,
				BAB2491426A70A2A00744010 /* FilmsTableViewCell.swift in Sources */,
			);
			runOnlyForDeploymentPostprocessing = 0;
		};
/* End PBXSourcesBuildPhase section */

/* Begin PBXVariantGroup section */
		BA99011026A6E12800D040BA /* Main.storyboard */ = {
			isa = PBXVariantGroup;
			children = (
				BA99011126A6E12800D040BA /* Base */,
			);
			name = Main.storyboard;
			sourceTree = "<group>";
		};
		BA99011526A6E12A00D040BA /* LaunchScreen.storyboard */ = {
			isa = PBXVariantGroup;
			children = (
				BA99011626A6E12A00D040BA /* Base */,
			);
			name = LaunchScreen.storyboard;
			sourceTree = "<group>";
		};
/* End PBXVariantGroup section */

/* Begin XCBuildConfiguration section */
		BA99011926A6E12A00D040BA /* Debug */ = {
			isa = XCBuildConfiguration;
			buildSettings = {
				ALWAYS_SEARCH_USER_PATHS = NO;
				CLANG_ANALYZER_NONNULL = YES;
				CLANG_ANALYZER_NUMBER_OBJECT_CONVERSION = YES_AGGRESSIVE;
				CLANG_CXX_LANGUAGE_STANDARD = "gnu++14";
				CLANG_CXX_LIBRARY = "libc++";
				CLANG_ENABLE_MODULES = YES;
				CLANG_ENABLE_OBJC_ARC = YES;
				CLANG_ENABLE_OBJC_WEAK = YES;
				CLANG_WARN_BLOCK_CAPTURE_AUTORELEASING = YES;
				CLANG_WARN_BOOL_CONVERSION = YES;
				CLANG_WARN_COMMA = YES;
				CLANG_WARN_CONSTANT_CONVERSION = YES;
				CLANG_WARN_DEPRECATED_OBJC_IMPLEMENTATIONS = YES;
				CLANG_WARN_DIRECT_OBJC_ISA_USAGE = YES_ERROR;
				CLANG_WARN_DOCUMENTATION_COMMENTS = YES;
				CLANG_WARN_EMPTY_BODY = YES;
				CLANG_WARN_ENUM_CONVERSION = YES;
				CLANG_WARN_INFINITE_RECURSION = YES;
				CLANG_WARN_INT_CONVERSION = YES;
				CLANG_WARN_NON_LITERAL_NULL_CONVERSION = YES;
				CLANG_WARN_OBJC_IMPLICIT_RETAIN_SELF = YES;
				CLANG_WARN_OBJC_LITERAL_CONVERSION = YES;
				CLANG_WARN_OBJC_ROOT_CLASS = YES_ERROR;
				CLANG_WARN_QUOTED_INCLUDE_IN_FRAMEWORK_HEADER = YES;
				CLANG_WARN_RANGE_LOOP_ANALYSIS = YES;
				CLANG_WARN_STRICT_PROTOTYPES = YES;
				CLANG_WARN_SUSPICIOUS_MOVE = YES;
				CLANG_WARN_UNGUARDED_AVAILABILITY = YES_AGGRESSIVE;
				CLANG_WARN_UNREACHABLE_CODE = YES;
				CLANG_WARN__DUPLICATE_METHOD_MATCH = YES;
				COPY_PHASE_STRIP = NO;
				DEBUG_INFORMATION_FORMAT = dwarf;
				ENABLE_STRICT_OBJC_MSGSEND = YES;
				ENABLE_TESTABILITY = YES;
				GCC_C_LANGUAGE_STANDARD = gnu11;
				GCC_DYNAMIC_NO_PIC = NO;
				GCC_NO_COMMON_BLOCKS = YES;
				GCC_OPTIMIZATION_LEVEL = 0;
				GCC_PREPROCESSOR_DEFINITIONS = (
					"DEBUG=1",
					"$(inherited)",
				);
				GCC_WARN_64_TO_32_BIT_CONVERSION = YES;
				GCC_WARN_ABOUT_RETURN_TYPE = YES_ERROR;
				GCC_WARN_UNDECLARED_SELECTOR = YES;
				GCC_WARN_UNINITIALIZED_AUTOS = YES_AGGRESSIVE;
				GCC_WARN_UNUSED_FUNCTION = YES;
				GCC_WARN_UNUSED_VARIABLE = YES;
				IPHONEOS_DEPLOYMENT_TARGET = 14.4;
				MTL_ENABLE_DEBUG_INFO = INCLUDE_SOURCE;
				MTL_FAST_MATH = YES;
				ONLY_ACTIVE_ARCH = YES;
				SDKROOT = iphoneos;
				SWIFT_ACTIVE_COMPILATION_CONDITIONS = DEBUG;
				SWIFT_OPTIMIZATION_LEVEL = "-Onone";
			};
			name = Debug;
		};
		BA99011A26A6E12A00D040BA /* Release */ = {
			isa = XCBuildConfiguration;
			buildSettings = {
				ALWAYS_SEARCH_USER_PATHS = NO;
				CLANG_ANALYZER_NONNULL = YES;
				CLANG_ANALYZER_NUMBER_OBJECT_CONVERSION = YES_AGGRESSIVE;
				CLANG_CXX_LANGUAGE_STANDARD = "gnu++14";
				CLANG_CXX_LIBRARY = "libc++";
				CLANG_ENABLE_MODULES = YES;
				CLANG_ENABLE_OBJC_ARC = YES;
				CLANG_ENABLE_OBJC_WEAK = YES;
				CLANG_WARN_BLOCK_CAPTURE_AUTORELEASING = YES;
				CLANG_WARN_BOOL_CONVERSION = YES;
				CLANG_WARN_COMMA = YES;
				CLANG_WARN_CONSTANT_CONVERSION = YES;
				CLANG_WARN_DEPRECATED_OBJC_IMPLEMENTATIONS = YES;
				CLANG_WARN_DIRECT_OBJC_ISA_USAGE = YES_ERROR;
				CLANG_WARN_DOCUMENTATION_COMMENTS = YES;
				CLANG_WARN_EMPTY_BODY = YES;
				CLANG_WARN_ENUM_CONVERSION = YES;
				CLANG_WARN_INFINITE_RECURSION = YES;
				CLANG_WARN_INT_CONVERSION = YES;
				CLANG_WARN_NON_LITERAL_NULL_CONVERSION = YES;
				CLANG_WARN_OBJC_IMPLICIT_RETAIN_SELF = YES;
				CLANG_WARN_OBJC_LITERAL_CONVERSION = YES;
				CLANG_WARN_OBJC_ROOT_CLASS = YES_ERROR;
				CLANG_WARN_QUOTED_INCLUDE_IN_FRAMEWORK_HEADER = YES;
				CLANG_WARN_RANGE_LOOP_ANALYSIS = YES;
				CLANG_WARN_STRICT_PROTOTYPES = YES;
				CLANG_WARN_SUSPICIOUS_MOVE = YES;
				CLANG_WARN_UNGUARDED_AVAILABILITY = YES_AGGRESSIVE;
				CLANG_WARN_UNREACHABLE_CODE = YES;
				CLANG_WARN__DUPLICATE_METHOD_MATCH = YES;
				COPY_PHASE_STRIP = NO;
				DEBUG_INFORMATION_FORMAT = "dwarf-with-dsym";
				ENABLE_NS_ASSERTIONS = NO;
				ENABLE_STRICT_OBJC_MSGSEND = YES;
				GCC_C_LANGUAGE_STANDARD = gnu11;
				GCC_NO_COMMON_BLOCKS = YES;
				GCC_WARN_64_TO_32_BIT_CONVERSION = YES;
				GCC_WARN_ABOUT_RETURN_TYPE = YES_ERROR;
				GCC_WARN_UNDECLARED_SELECTOR = YES;
				GCC_WARN_UNINITIALIZED_AUTOS = YES_AGGRESSIVE;
				GCC_WARN_UNUSED_FUNCTION = YES;
				GCC_WARN_UNUSED_VARIABLE = YES;
				IPHONEOS_DEPLOYMENT_TARGET = 14.4;
				MTL_ENABLE_DEBUG_INFO = NO;
				MTL_FAST_MATH = YES;
				SDKROOT = iphoneos;
				SWIFT_COMPILATION_MODE = wholemodule;
				SWIFT_OPTIMIZATION_LEVEL = "-O";
				VALIDATE_PRODUCT = YES;
			};
			name = Release;
		};
		BA99011C26A6E12A00D040BA /* Debug */ = {
			isa = XCBuildConfiguration;
			buildSettings = {
				ASSETCATALOG_COMPILER_APPICON_NAME = AppIcon;
				ASSETCATALOG_COMPILER_GLOBAL_ACCENT_COLOR_NAME = AccentColor;
				CODE_SIGN_STYLE = Automatic;
				DEVELOPMENT_TEAM = LMLDPTMD58;
				INFOPLIST_FILE = MoviesDB/Info.plist;
				LD_RUNPATH_SEARCH_PATHS = (
					"$(inherited)",
					"@executable_path/Frameworks",
				);
				PRODUCT_BUNDLE_IDENTIFIER = UI.MoviesDB;
				PRODUCT_NAME = "$(TARGET_NAME)";
				SWIFT_VERSION = 5.0;
				TARGETED_DEVICE_FAMILY = "1,2";
			};
			name = Debug;
		};
		BA99011D26A6E12A00D040BA /* Release */ = {
			isa = XCBuildConfiguration;
			buildSettings = {
				ASSETCATALOG_COMPILER_APPICON_NAME = AppIcon;
				ASSETCATALOG_COMPILER_GLOBAL_ACCENT_COLOR_NAME = AccentColor;
				CODE_SIGN_STYLE = Automatic;
				DEVELOPMENT_TEAM = LMLDPTMD58;
				INFOPLIST_FILE = MoviesDB/Info.plist;
				LD_RUNPATH_SEARCH_PATHS = (
					"$(inherited)",
					"@executable_path/Frameworks",
				);
				PRODUCT_BUNDLE_IDENTIFIER = UI.MoviesDB;
				PRODUCT_NAME = "$(TARGET_NAME)";
				SWIFT_VERSION = 5.0;
				TARGETED_DEVICE_FAMILY = "1,2";
			};
			name = Release;
		};
/* End XCBuildConfiguration section */

/* Begin XCConfigurationList section */
		BA99010226A6E12800D040BA /* Build configuration list for PBXProject "MoviesDB" */ = {
			isa = XCConfigurationList;
			buildConfigurations = (
				BA99011926A6E12A00D040BA /* Debug */,
				BA99011A26A6E12A00D040BA /* Release */,
			);
			defaultConfigurationIsVisible = 0;
			defaultConfigurationName = Release;
		};
		BA99011B26A6E12A00D040BA /* Build configuration list for PBXNativeTarget "MoviesDB" */ = {
			isa = XCConfigurationList;
			buildConfigurations = (
				BA99011C26A6E12A00D040BA /* Debug */,
				BA99011D26A6E12A00D040BA /* Release */,
			);
			defaultConfigurationIsVisible = 0;
			defaultConfigurationName = Release;
		};
/* End XCConfigurationList section */
	};
	rootObject = BA9900FF26A6E12800D040BA /* Project object */;
}
