// !$*UTF8*$!
{
	archiveVersion = 1;
	classes = {
	};
	objectVersion = 51;
	objects = {

/* Begin PBXBuildFile section */
		48C37F921FDE38191325A2A4 /* Pods_MoviesDB.framework in Frameworks */ = {isa = PBXBuildFile; fileRef = 741E23364181902BAA2BD5D7 /* Pods_MoviesDB.framework */; };
		8436B47A26A73C7E00D3C543 /* NetworkManager.swift in Sources */ = {isa = PBXBuildFile; fileRef = 8436B47926A73C7E00D3C543 /* NetworkManager.swift */; };
		8436B48326A7665B00D3C543 /* Movie.swift in Sources */ = {isa = PBXBuildFile; fileRef = 8436B48226A7665B00D3C543 /* Movie.swift */; };
		84A713BB26A9862700B58DD0 /* MovieManager.swift in Sources */ = {isa = PBXBuildFile; fileRef = 84A713BA26A9862700B58DD0 /* MovieManager.swift */; };
		BA3EA20C26B13EE5006157B5 /* UserDefaults.swift in Sources */ = {isa = PBXBuildFile; fileRef = BA3EA20B26B13EE5006157B5 /* UserDefaults.swift */; };
		BA3EA20F26B14DE6006157B5 /* UserMessages.swift in Sources */ = {isa = PBXBuildFile; fileRef = BA3EA20E26B14DE6006157B5 /* UserMessages.swift */; };
		BA3EA21526B17ECA006157B5 /* MovieResponce.swift in Sources */ = {isa = PBXBuildFile; fileRef = BA3EA21426B17ECA006157B5 /* MovieResponce.swift */; };
		BA3EA21826B17EF8006157B5 /* Genre.swift in Sources */ = {isa = PBXBuildFile; fileRef = BA3EA21726B17EF8006157B5 /* Genre.swift */; };
		BA99010B26A6E12800D040BA /* AppDelegate.swift in Sources */ = {isa = PBXBuildFile; fileRef = BA99010A26A6E12800D040BA /* AppDelegate.swift */; };
		BA99010D26A6E12800D040BA /* SceneDelegate.swift in Sources */ = {isa = PBXBuildFile; fileRef = BA99010C26A6E12800D040BA /* SceneDelegate.swift */; };
		BA99010F26A6E12800D040BA /* HomeViewController.swift in Sources */ = {isa = PBXBuildFile; fileRef = BA99010E26A6E12800D040BA /* HomeViewController.swift */; };
		BA99011226A6E12800D040BA /* Main.storyboard in Resources */ = {isa = PBXBuildFile; fileRef = BA99011026A6E12800D040BA /* Main.storyboard */; };
		BA99011426A6E12A00D040BA /* Assets.xcassets in Resources */ = {isa = PBXBuildFile; fileRef = BA99011326A6E12A00D040BA /* Assets.xcassets */; };
		BA99011726A6E12A00D040BA /* LaunchScreen.storyboard in Resources */ = {isa = PBXBuildFile; fileRef = BA99011526A6E12A00D040BA /* LaunchScreen.storyboard */; };
		BA99013526A6F1BE00D040BA /* DiscoverViewController.swift in Sources */ = {isa = PBXBuildFile; fileRef = BA99013426A6F1BE00D040BA /* DiscoverViewController.swift */; };
		BA99013826A6F1D000D040BA /* FavoriteViewController.swift in Sources */ = {isa = PBXBuildFile; fileRef = BA99013726A6F1D000D040BA /* FavoriteViewController.swift */; };
		BA99013B26A6F1DC00D040BA /* DetailViewController.swift in Sources */ = {isa = PBXBuildFile; fileRef = BA99013A26A6F1DC00D040BA /* DetailViewController.swift */; };
		BAB2491426A70A2A00744010 /* FilmsTableViewCell.swift in Sources */ = {isa = PBXBuildFile; fileRef = BAB2491226A70A2A00744010 /* FilmsTableViewCell.swift */; };
		BAB2491526A70A2A00744010 /* FilmsTableViewCell.xib in Resources */ = {isa = PBXBuildFile; fileRef = BAB2491326A70A2A00744010 /* FilmsTableViewCell.xib */; };
		BAB2491E26A8033F00744010 /* DetailView.xib in Resources */ = {isa = PBXBuildFile; fileRef = BAB2491D26A8033F00744010 /* DetailView.xib */; };
		BAB2492426A8064A00744010 /* DetailView.swift in Sources */ = {isa = PBXBuildFile; fileRef = BAB2492326A8064A00744010 /* DetailView.swift */; };
		BAB2494B26AAD25500744010 /* .gitignore in Resources */ = {isa = PBXBuildFile; fileRef = BAB2494A26AAD25500744010 /* .gitignore */; };
		BAB2495126AED7D100744010 /* SearchViewController.swift in Sources */ = {isa = PBXBuildFile; fileRef = BAB2495026AED7D100744010 /* SearchViewController.swift */; };
/* End PBXBuildFile section */

/* Begin PBXFileReference section */
		42899ACBC6CD29C707F2D930 /* Pods-MoviesDB.debug.xcconfig */ = {isa = PBXFileReference; includeInIndex = 1; lastKnownFileType = text.xcconfig; name = "Pods-MoviesDB.debug.xcconfig"; path = "Target Support Files/Pods-MoviesDB/Pods-MoviesDB.debug.xcconfig"; sourceTree = "<group>"; };
		741E23364181902BAA2BD5D7 /* Pods_MoviesDB.framework */ = {isa = PBXFileReference; explicitFileType = wrapper.framework; includeInIndex = 0; path = Pods_MoviesDB.framework; sourceTree = BUILT_PRODUCTS_DIR; };
		8436B47926A73C7E00D3C543 /* NetworkManager.swift */ = {isa = PBXFileReference; lastKnownFileType = sourcecode.swift; path = NetworkManager.swift; sourceTree = "<group>"; };
		8436B48226A7665B00D3C543 /* Movie.swift */ = {isa = PBXFileReference; lastKnownFileType = sourcecode.swift; path = Movie.swift; sourceTree = "<group>"; };
		84A713BA26A9862700B58DD0 /* MovieManager.swift */ = {isa = PBXFileReference; lastKnownFileType = sourcecode.swift; path = MovieManager.swift; sourceTree = "<group>"; };
		BA3EA20B26B13EE5006157B5 /* UserDefaults.swift */ = {isa = PBXFileReference; lastKnownFileType = sourcecode.swift; path = UserDefaults.swift; sourceTree = "<group>"; };
		BA3EA20E26B14DE6006157B5 /* UserMessages.swift */ = {isa = PBXFileReference; lastKnownFileType = sourcecode.swift; path = UserMessages.swift; sourceTree = "<group>"; };
		BA3EA21426B17ECA006157B5 /* MovieResponce.swift */ = {isa = PBXFileReference; lastKnownFileType = sourcecode.swift; path = MovieResponce.swift; sourceTree = "<group>"; };
		BA3EA21726B17EF8006157B5 /* Genre.swift */ = {isa = PBXFileReference; lastKnownFileType = sourcecode.swift; path = Genre.swift; sourceTree = "<group>"; };
		BA99010726A6E12800D040BA /* MoviesDB.app */ = {isa = PBXFileReference; explicitFileType = wrapper.application; includeInIndex = 0; path = MoviesDB.app; sourceTree = BUILT_PRODUCTS_DIR; };
		BA99010A26A6E12800D040BA /* AppDelegate.swift */ = {isa = PBXFileReference; lastKnownFileType = sourcecode.swift; path = AppDelegate.swift; sourceTree = "<group>"; };
		BA99010C26A6E12800D040BA /* SceneDelegate.swift */ = {isa = PBXFileReference; lastKnownFileType = sourcecode.swift; path = SceneDelegate.swift; sourceTree = "<group>"; };
		BA99010E26A6E12800D040BA /* HomeViewController.swift */ = {isa = PBXFileReference; lastKnownFileType = sourcecode.swift; path = HomeViewController.swift; sourceTree = "<group>"; };
		BA99011126A6E12800D040BA /* Base */ = {isa = PBXFileReference; lastKnownFileType = file.storyboard; name = Base; path = Base.lproj/Main.storyboard; sourceTree = "<group>"; };
		BA99011326A6E12A00D040BA /* Assets.xcassets */ = {isa = PBXFileReference; lastKnownFileType = folder.assetcatalog; path = Assets.xcassets; sourceTree = "<group>"; };
		BA99011626A6E12A00D040BA /* Base */ = {isa = PBXFileReference; lastKnownFileType = file.storyboard; name = Base; path = Base.lproj/LaunchScreen.storyboard; sourceTree = "<group>"; };
		BA99011826A6E12A00D040BA /* Info.plist */ = {isa = PBXFileReference; lastKnownFileType = text.plist.xml; path = Info.plist; sourceTree = "<group>"; };
		BA99013426A6F1BE00D040BA /* DiscoverViewController.swift */ = {isa = PBXFileReference; lastKnownFileType = sourcecode.swift; path = DiscoverViewController.swift; sourceTree = "<group>"; };
		BA99013726A6F1D000D040BA /* FavoriteViewController.swift */ = {isa = PBXFileReference; lastKnownFileType = sourcecode.swift; name = FavoriteViewController.swift; path = Assets.xcassets/FavoriteViewController.swift; sourceTree = "<group>"; };
		BA99013A26A6F1DC00D040BA /* DetailViewController.swift */ = {isa = PBXFileReference; lastKnownFileType = sourcecode.swift; path = DetailViewController.swift; sourceTree = "<group>"; };
		BAB2491226A70A2A00744010 /* FilmsTableViewCell.swift */ = {isa = PBXFileReference; lastKnownFileType = sourcecode.swift; path = FilmsTableViewCell.swift; sourceTree = "<group>"; };
		BAB2491326A70A2A00744010 /* FilmsTableViewCell.xib */ = {isa = PBXFileReference; lastKnownFileType = file.xib; path = FilmsTableViewCell.xib; sourceTree = "<group>"; };
		BAB2491D26A8033F00744010 /* DetailView.xib */ = {isa = PBXFileReference; lastKnownFileType = file.xib; path = DetailView.xib; sourceTree = "<group>"; };
		BAB2492326A8064A00744010 /* DetailView.swift */ = {isa = PBXFileReference; lastKnownFileType = sourcecode.swift; path = DetailView.swift; sourceTree = "<group>"; };
		BAB2494A26AAD25500744010 /* .gitignore */ = {isa = PBXFileReference; fileEncoding = 4; lastKnownFileType = text; name = .gitignore; path = ../../.gitignore; sourceTree = "<group>"; };
		BAB2495026AED7D100744010 /* SearchViewController.swift */ = {isa = PBXFileReference; lastKnownFileType = sourcecode.swift; path = SearchViewController.swift; sourceTree = "<group>"; };
		EA3FCE2430F4337B9D3147B2 /* Pods-MoviesDB.release.xcconfig */ = {isa = PBXFileReference; includeInIndex = 1; lastKnownFileType = text.xcconfig; name = "Pods-MoviesDB.release.xcconfig"; path = "Target Support Files/Pods-MoviesDB/Pods-MoviesDB.release.xcconfig"; sourceTree = "<group>"; };
/* End PBXFileReference section */

/* Begin PBXFrameworksBuildPhase section */
		BA99010426A6E12800D040BA /* Frameworks */ = {
			isa = PBXFrameworksBuildPhase;
			buildActionMask = 2147483647;
			files = (
				48C37F921FDE38191325A2A4 /* Pods_MoviesDB.framework in Frameworks */,
			);
			runOnlyForDeploymentPostprocessing = 0;
		};
/* End PBXFrameworksBuildPhase section */

/* Begin PBXGroup section */
		09F3A41EE757328183C28DCF /* Frameworks */ = {
			isa = PBXGroup;
			children = (
				741E23364181902BAA2BD5D7 /* Pods_MoviesDB.framework */,
			);
			name = Frameworks;
			sourceTree = "<group>";
		};
		3CF0389A468F394C2FA69E44 /* Pods */ = {
			isa = PBXGroup;
			children = (
				42899ACBC6CD29C707F2D930 /* Pods-MoviesDB.debug.xcconfig */,
				EA3FCE2430F4337B9D3147B2 /* Pods-MoviesDB.release.xcconfig */,
			);
			path = Pods;
			sourceTree = "<group>";
		};
		8436B47826A73C5800D3C543 /* Network */ = {
			isa = PBXGroup;
			children = (
				8436B47926A73C7E00D3C543 /* NetworkManager.swift */,
			);
			path = Network;
			sourceTree = "<group>";
		};
		8436B48526A767D200D3C543 /* Model */ = {
			isa = PBXGroup;
			children = (
				8436B48226A7665B00D3C543 /* Movie.swift */,
				BA3EA21726B17EF8006157B5 /* Genre.swift */,
				BA3EA21426B17ECA006157B5 /* MovieResponce.swift */,
				84A713BA26A9862700B58DD0 /* MovieManager.swift */,
				BA3EA20B26B13EE5006157B5 /* UserDefaults.swift */,
			);
			path = Model;
			sourceTree = "<group>";
		};
		BA9900FE26A6E12800D040BA = {
			isa = PBXGroup;
			children = (
				BA99010926A6E12800D040BA /* MoviesDB */,
				BA99010826A6E12800D040BA /* Products */,
				3CF0389A468F394C2FA69E44 /* Pods */,
				09F3A41EE757328183C28DCF /* Frameworks */,
			);
			sourceTree = "<group>";
		};
		BA99010826A6E12800D040BA /* Products */ = {
			isa = PBXGroup;
			children = (
				BA99010726A6E12800D040BA /* MoviesDB.app */,
			);
			name = Products;
			sourceTree = "<group>";
		};
		BA99010926A6E12800D040BA /* MoviesDB */ = {
			isa = PBXGroup;
			children = (
				BAB2494A26AAD25500744010 /* .gitignore */,
				8436B47826A73C5800D3C543 /* Network */,
				8436B48526A767D200D3C543 /* Model */,
				BA99010A26A6E12800D040BA /* AppDelegate.swift */,
				BA99010C26A6E12800D040BA /* SceneDelegate.swift */,
				BA99010E26A6E12800D040BA /* HomeViewController.swift */,
				BA99013426A6F1BE00D040BA /* DiscoverViewController.swift */,
				BA99013726A6F1D000D040BA /* FavoriteViewController.swift */,
				BA99013A26A6F1DC00D040BA /* DetailViewController.swift */,
				BAB2495026AED7D100744010 /* SearchViewController.swift */,
				BA3EA20E26B14DE6006157B5 /* UserMessages.swift */,
				BA99011026A6E12800D040BA /* Main.storyboard */,
				BAB2492026A8034500744010 /* DetailView */,
				BAB2491726A70A3200744010 /* FilmsTableViewCell */,
				BA99011326A6E12A00D040BA /* Assets.xcassets */,
				BA99011526A6E12A00D040BA /* LaunchScreen.storyboard */,
				BA99011826A6E12A00D040BA /* Info.plist */,
			);
			path = MoviesDB;
			sourceTree = "<group>";
		};
		BAB2491726A70A3200744010 /* FilmsTableViewCell */ = {
			isa = PBXGroup;
			children = (
				BAB2491226A70A2A00744010 /* FilmsTableViewCell.swift */,
				BAB2491326A70A2A00744010 /* FilmsTableViewCell.xib */,
			);
			path = FilmsTableViewCell;
			sourceTree = "<group>";
		};
		BAB2492026A8034500744010 /* DetailView */ = {
			isa = PBXGroup;
			children = (
				BAB2492326A8064A00744010 /* DetailView.swift */,
				BAB2491D26A8033F00744010 /* DetailView.xib */,
			);
			path = DetailView;
			sourceTree = "<group>";
		};
/* End PBXGroup section */

/* Begin PBXNativeTarget section */
		BA99010626A6E12800D040BA /* MoviesDB */ = {
			isa = PBXNativeTarget;
			buildConfigurationList = BA99011B26A6E12A00D040BA /* Build configuration list for PBXNativeTarget "MoviesDB" */;
			buildPhases = (
				F099BAC1BC3AB1BE6AB2C7FD /* [CP] Check Pods Manifest.lock */,
				BA99010326A6E12800D040BA /* Sources */,
				BA99010426A6E12800D040BA /* Frameworks */,
				BA99010526A6E12800D040BA /* Resources */,
				E327817B597674EF7769E40A /* [CP] Embed Pods Frameworks */,
			);
			buildRules = (
			);
			dependencies = (
			);
			name = MoviesDB;
			productName = MoviesDB;
			productReference = BA99010726A6E12800D040BA /* MoviesDB.app */;
			productType = "com.apple.product-type.application";
		};
/* End PBXNativeTarget section */

/* Begin PBXProject section */
		BA9900FF26A6E12800D040BA /* Project object */ = {
			isa = PBXProject;
			attributes = {
				LastSwiftUpdateCheck = 1240;
				LastUpgradeCheck = 1240;
				TargetAttributes = {
					BA99010626A6E12800D040BA = {
						CreatedOnToolsVersion = 12.4;
					};
				};
			};
			buildConfigurationList = BA99010226A6E12800D040BA /* Build configuration list for PBXProject "MoviesDB" */;
			compatibilityVersion = "Xcode 9.3";
			developmentRegion = en;
			hasScannedForEncodings = 0;
			knownRegions = (
				en,
				Base,
			);
			mainGroup = BA9900FE26A6E12800D040BA;
			productRefGroup = BA99010826A6E12800D040BA /* Products */;
			projectDirPath = "";
			projectRoot = "";
			targets = (
				BA99010626A6E12800D040BA /* MoviesDB */,
			);
		};
/* End PBXProject section */

/* Begin PBXResourcesBuildPhase section */
		BA99010526A6E12800D040BA /* Resources */ = {
			isa = PBXResourcesBuildPhase;
			buildActionMask = 2147483647;
			files = (
				BA99011726A6E12A00D040BA /* LaunchScreen.storyboard in Resources */,
				BAB2491526A70A2A00744010 /* FilmsTableViewCell.xib in Resources */,
				BA99011426A6E12A00D040BA /* Assets.xcassets in Resources */,
				BA99011226A6E12800D040BA /* Main.storyboard in Resources */,
				BAB2494B26AAD25500744010 /* .gitignore in Resources */,
				BAB2491E26A8033F00744010 /* DetailView.xib in Resources */,
			);
			runOnlyForDeploymentPostprocessing = 0;
		};
/* End PBXResourcesBuildPhase section */

/* Begin PBXShellScriptBuildPhase section */
		E327817B597674EF7769E40A /* [CP] Embed Pods Frameworks */ = {
			isa = PBXShellScriptBuildPhase;
			buildActionMask = 2147483647;
			files = (
			);
			inputFileListPaths = (
				"${PODS_ROOT}/Target Support Files/Pods-MoviesDB/Pods-MoviesDB-frameworks-${CONFIGURATION}-input-files.xcfilelist",
			);
			name = "[CP] Embed Pods Frameworks";
			outputFileListPaths = (
				"${PODS_ROOT}/Target Support Files/Pods-MoviesDB/Pods-MoviesDB-frameworks-${CONFIGURATION}-output-files.xcfilelist",
			);
			runOnlyForDeploymentPostprocessing = 0;
			shellPath = /bin/sh;
			shellScript = "\"${PODS_ROOT}/Target Support Files/Pods-MoviesDB/Pods-MoviesDB-frameworks.sh\"\n";
			showEnvVarsInLog = 0;
		};
		F099BAC1BC3AB1BE6AB2C7FD /* [CP] Check Pods Manifest.lock */ = {
			isa = PBXShellScriptBuildPhase;
			buildActionMask = 2147483647;
			files = (
			);
			inputFileListPaths = (
			);
			inputPaths = (
				"${PODS_PODFILE_DIR_PATH}/Podfile.lock",
				"${PODS_ROOT}/Manifest.lock",
			);
			name = "[CP] Check Pods Manifest.lock";
			outputFileListPaths = (
			);
			outputPaths = (
				"$(DERIVED_FILE_DIR)/Pods-MoviesDB-checkManifestLockResult.txt",
			);
			runOnlyForDeploymentPostprocessing = 0;
			shellPath = /bin/sh;
			shellScript = "diff \"${PODS_PODFILE_DIR_PATH}/Podfile.lock\" \"${PODS_ROOT}/Manifest.lock\" > /dev/null\nif [ $? != 0 ] ; then\n    # print error to STDERR\n    echo \"error: The sandbox is not in sync with the Podfile.lock. Run 'pod install' or update your CocoaPods installation.\" >&2\n    exit 1\nfi\n# This output is used by Xcode 'outputs' to avoid re-running this script phase.\necho \"SUCCESS\" > \"${SCRIPT_OUTPUT_FILE_0}\"\n";
			showEnvVarsInLog = 0;
		};
/* End PBXShellScriptBuildPhase section */

/* Begin PBXSourcesBuildPhase section */
		BA99010326A6E12800D040BA /* Sources */ = {
			isa = PBXSourcesBuildPhase;
			buildActionMask = 2147483647;
			files = (
				84A713BB26A9862700B58DD0 /* MovieManager.swift in Sources */,
				8436B48326A7665B00D3C543 /* Movie.swift in Sources */,
				BA3EA21526B17ECA006157B5 /* MovieResponce.swift in Sources */,
				BA3EA20F26B14DE6006157B5 /* UserMessages.swift in Sources */,
				8436B47A26A73C7E00D3C543 /* NetworkManager.swift in Sources */,
				BA99010F26A6E12800D040BA /* HomeViewController.swift in Sources */,
				BA3EA20C26B13EE5006157B5 /* UserDefaults.swift in Sources */,
				BA3EA21826B17EF8006157B5 /* Genre.swift in Sources */,
				BAB2492426A8064A00744010 /* DetailView.swift in Sources */,
				BA99010B26A6E12800D040BA /* AppDelegate.swift in Sources */,
				BAB2495126AED7D100744010 /* SearchViewController.swift in Sources */,
				BA99010D26A6E12800D040BA /* SceneDelegate.swift in Sources */,
				BA99013B26A6F1DC00D040BA /* DetailViewController.swift in Sources */,
				BA99013526A6F1BE00D040BA /* DiscoverViewController.swift in Sources */,
				BA99013826A6F1D000D040BA /* FavoriteViewController.swift in Sources */,
				BAB2491426A70A2A00744010 /* FilmsTableViewCell.swift in Sources */,
			);
			runOnlyForDeploymentPostprocessing = 0;
		};
/* End PBXSourcesBuildPhase section */

/* Begin PBXVariantGroup section */
		BA99011026A6E12800D040BA /* Main.storyboard */ = {
			isa = PBXVariantGroup;
			children = (
				BA99011126A6E12800D040BA /* Base */,
			);
			name = Main.storyboard;
			sourceTree = "<group>";
		};
		BA99011526A6E12A00D040BA /* LaunchScreen.storyboard */ = {
			isa = PBXVariantGroup;
			children = (
				BA99011626A6E12A00D040BA /* Base */,
			);
			name = LaunchScreen.storyboard;
			sourceTree = "<group>";
		};
/* End PBXVariantGroup section */

/* Begin XCBuildConfiguration section */
		BA99011926A6E12A00D040BA /* Debug */ = {
			isa = XCBuildConfiguration;
			buildSettings = {
				ALWAYS_SEARCH_USER_PATHS = NO;
				CLANG_ANALYZER_NONNULL = YES;
				CLANG_ANALYZER_NUMBER_OBJECT_CONVERSION = YES_AGGRESSIVE;
				CLANG_CXX_LANGUAGE_STANDARD = "gnu++14";
				CLANG_CXX_LIBRARY = "libc++";
				CLANG_ENABLE_MODULES = YES;
				CLANG_ENABLE_OBJC_ARC = YES;
				CLANG_ENABLE_OBJC_WEAK = YES;
				CLANG_WARN_BLOCK_CAPTURE_AUTORELEASING = YES;
				CLANG_WARN_BOOL_CONVERSION = YES;
				CLANG_WARN_COMMA = YES;
				CLANG_WARN_CONSTANT_CONVERSION = YES;
				CLANG_WARN_DEPRECATED_OBJC_IMPLEMENTATIONS = YES;
				CLANG_WARN_DIRECT_OBJC_ISA_USAGE = YES_ERROR;
				CLANG_WARN_DOCUMENTATION_COMMENTS = YES;
				CLANG_WARN_EMPTY_BODY = YES;
				CLANG_WARN_ENUM_CONVERSION = YES;
				CLANG_WARN_INFINITE_RECURSION = YES;
				CLANG_WARN_INT_CONVERSION = YES;
				CLANG_WARN_NON_LITERAL_NULL_CONVERSION = YES;
				CLANG_WARN_OBJC_IMPLICIT_RETAIN_SELF = YES;
				CLANG_WARN_OBJC_LITERAL_CONVERSION = YES;
				CLANG_WARN_OBJC_ROOT_CLASS = YES_ERROR;
				CLANG_WARN_QUOTED_INCLUDE_IN_FRAMEWORK_HEADER = YES;
				CLANG_WARN_RANGE_LOOP_ANALYSIS = YES;
				CLANG_WARN_STRICT_PROTOTYPES = YES;
				CLANG_WARN_SUSPICIOUS_MOVE = YES;
				CLANG_WARN_UNGUARDED_AVAILABILITY = YES_AGGRESSIVE;
				CLANG_WARN_UNREACHABLE_CODE = YES;
				CLANG_WARN__DUPLICATE_METHOD_MATCH = YES;
				COPY_PHASE_STRIP = NO;
				DEBUG_INFORMATION_FORMAT = dwarf;
				ENABLE_STRICT_OBJC_MSGSEND = YES;
				ENABLE_TESTABILITY = YES;
				GCC_C_LANGUAGE_STANDARD = gnu11;
				GCC_DYNAMIC_NO_PIC = NO;
				GCC_NO_COMMON_BLOCKS = YES;
				GCC_OPTIMIZATION_LEVEL = 0;
				GCC_PREPROCESSOR_DEFINITIONS = (
					"DEBUG=1",
					"$(inherited)",
				);
				GCC_WARN_64_TO_32_BIT_CONVERSION = YES;
				GCC_WARN_ABOUT_RETURN_TYPE = YES_ERROR;
				GCC_WARN_UNDECLARED_SELECTOR = YES;
				GCC_WARN_UNINITIALIZED_AUTOS = YES_AGGRESSIVE;
				GCC_WARN_UNUSED_FUNCTION = YES;
				GCC_WARN_UNUSED_VARIABLE = YES;
				IPHONEOS_DEPLOYMENT_TARGET = 14.3;
				MTL_ENABLE_DEBUG_INFO = INCLUDE_SOURCE;
				MTL_FAST_MATH = YES;
				ONLY_ACTIVE_ARCH = YES;
				SDKROOT = iphoneos;
				SWIFT_ACTIVE_COMPILATION_CONDITIONS = DEBUG;
				SWIFT_OPTIMIZATION_LEVEL = "-Onone";
			};
			name = Debug;
		};
		BA99011A26A6E12A00D040BA /* Release */ = {
			isa = XCBuildConfiguration;
			buildSettings = {
				ALWAYS_SEARCH_USER_PATHS = NO;
				CLANG_ANALYZER_NONNULL = YES;
				CLANG_ANALYZER_NUMBER_OBJECT_CONVERSION = YES_AGGRESSIVE;
				CLANG_CXX_LANGUAGE_STANDARD = "gnu++14";
				CLANG_CXX_LIBRARY = "libc++";
				CLANG_ENABLE_MODULES = YES;
				CLANG_ENABLE_OBJC_ARC = YES;
				CLANG_ENABLE_OBJC_WEAK = YES;
				CLANG_WARN_BLOCK_CAPTURE_AUTORELEASING = YES;
				CLANG_WARN_BOOL_CONVERSION = YES;
				CLANG_WARN_COMMA = YES;
				CLANG_WARN_CONSTANT_CONVERSION = YES;
				CLANG_WARN_DEPRECATED_OBJC_IMPLEMENTATIONS = YES;
				CLANG_WARN_DIRECT_OBJC_ISA_USAGE = YES_ERROR;
				CLANG_WARN_DOCUMENTATION_COMMENTS = YES;
				CLANG_WARN_EMPTY_BODY = YES;
				CLANG_WARN_ENUM_CONVERSION = YES;
				CLANG_WARN_INFINITE_RECURSION = YES;
				CLANG_WARN_INT_CONVERSION = YES;
				CLANG_WARN_NON_LITERAL_NULL_CONVERSION = YES;
				CLANG_WARN_OBJC_IMPLICIT_RETAIN_SELF = YES;
				CLANG_WARN_OBJC_LITERAL_CONVERSION = YES;
				CLANG_WARN_OBJC_ROOT_CLASS = YES_ERROR;
				CLANG_WARN_QUOTED_INCLUDE_IN_FRAMEWORK_HEADER = YES;
				CLANG_WARN_RANGE_LOOP_ANALYSIS = YES;
				CLANG_WARN_STRICT_PROTOTYPES = YES;
				CLANG_WARN_SUSPICIOUS_MOVE = YES;
				CLANG_WARN_UNGUARDED_AVAILABILITY = YES_AGGRESSIVE;
				CLANG_WARN_UNREACHABLE_CODE = YES;
				CLANG_WARN__DUPLICATE_METHOD_MATCH = YES;
				COPY_PHASE_STRIP = NO;
				DEBUG_INFORMATION_FORMAT = "dwarf-with-dsym";
				ENABLE_NS_ASSERTIONS = NO;
				ENABLE_STRICT_OBJC_MSGSEND = YES;
				GCC_C_LANGUAGE_STANDARD = gnu11;
				GCC_NO_COMMON_BLOCKS = YES;
				GCC_WARN_64_TO_32_BIT_CONVERSION = YES;
				GCC_WARN_ABOUT_RETURN_TYPE = YES_ERROR;
				GCC_WARN_UNDECLARED_SELECTOR = YES;
				GCC_WARN_UNINITIALIZED_AUTOS = YES_AGGRESSIVE;
				GCC_WARN_UNUSED_FUNCTION = YES;
				GCC_WARN_UNUSED_VARIABLE = YES;
				IPHONEOS_DEPLOYMENT_TARGET = 14.3;
				MTL_ENABLE_DEBUG_INFO = NO;
				MTL_FAST_MATH = YES;
				SDKROOT = iphoneos;
				SWIFT_COMPILATION_MODE = wholemodule;
				SWIFT_OPTIMIZATION_LEVEL = "-O";
				VALIDATE_PRODUCT = YES;
			};
			name = Release;
		};
		BA99011C26A6E12A00D040BA /* Debug */ = {
			isa = XCBuildConfiguration;
			baseConfigurationReference = 42899ACBC6CD29C707F2D930 /* Pods-MoviesDB.debug.xcconfig */;
			buildSettings = {
				ASSETCATALOG_COMPILER_APPICON_NAME = AppIcon;
				ASSETCATALOG_COMPILER_GLOBAL_ACCENT_COLOR_NAME = AccentColor;
				CODE_SIGN_STYLE = Automatic;
				DEVELOPMENT_TEAM = LMLDPTMD58;
				INFOPLIST_FILE = MoviesDB/Info.plist;
				LD_RUNPATH_SEARCH_PATHS = (
					"$(inherited)",
					"@executable_path/Frameworks",
				);
				PRODUCT_BUNDLE_IDENTIFIER = UI.MoviesDB;
				PRODUCT_NAME = "$(TARGET_NAME)";
				SWIFT_VERSION = 5.0;
				TARGETED_DEVICE_FAMILY = "1,2";
			};
			name = Debug;
		};
		BA99011D26A6E12A00D040BA /* Release */ = {
			isa = XCBuildConfiguration;
			baseConfigurationReference = EA3FCE2430F4337B9D3147B2 /* Pods-MoviesDB.release.xcconfig */;
			buildSettings = {
				ASSETCATALOG_COMPILER_APPICON_NAME = AppIcon;
				ASSETCATALOG_COMPILER_GLOBAL_ACCENT_COLOR_NAME = AccentColor;
				CODE_SIGN_STYLE = Automatic;
				DEVELOPMENT_TEAM = LMLDPTMD58;
				INFOPLIST_FILE = MoviesDB/Info.plist;
				LD_RUNPATH_SEARCH_PATHS = (
					"$(inherited)",
					"@executable_path/Frameworks",
				);
				PRODUCT_BUNDLE_IDENTIFIER = UI.MoviesDB;
				PRODUCT_NAME = "$(TARGET_NAME)";
				SWIFT_VERSION = 5.0;
				TARGETED_DEVICE_FAMILY = "1,2";
			};
			name = Release;
		};
/* End XCBuildConfiguration section */

/* Begin XCConfigurationList section */
		BA99010226A6E12800D040BA /* Build configuration list for PBXProject "MoviesDB" */ = {
			isa = XCConfigurationList;
			buildConfigurations = (
				BA99011926A6E12A00D040BA /* Debug */,
				BA99011A26A6E12A00D040BA /* Release */,
			);
			defaultConfigurationIsVisible = 0;
			defaultConfigurationName = Release;
		};
		BA99011B26A6E12A00D040BA /* Build configuration list for PBXNativeTarget "MoviesDB" */ = {
			isa = XCConfigurationList;
			buildConfigurations = (
				BA99011C26A6E12A00D040BA /* Debug */,
				BA99011D26A6E12A00D040BA /* Release */,
			);
			defaultConfigurationIsVisible = 0;
			defaultConfigurationName = Release;
		};
/* End XCConfigurationList section */
	};
	rootObject = BA9900FF26A6E12800D040BA /* Project object */;
}
